
Microsoft Visual Studio Solution File, Format Version 12.00
# Visual Studio Version 16
VisualStudioVersion = 16.0.31829.152
MinimumVisualStudioVersion = 10.0.40219.1
Project("{8BC9CEB8-8B4A-11D0-8D11-00A0C91BC942}") = "TestClient", "TestClient\TestClient.vcxproj", "{C9AF4BAB-DF49-4D0C-968E-41EC045733DB}"
EndProject
Project("{8BC9CEB8-8B4A-11D0-8D11-00A0C91BC942}") = "Network", "..\Server\Network\Network.vcxproj", "{819E1CC8-B6E9-472E-A653-90056803488C}"
EndProject
Global
	GlobalSection(SolutionConfigurationPlatforms) = preSolution
		Debug|x64 = Debug|x64
		Debug|x86 = Debug|x86
		Release|x64 = Release|x64
		Release|x86 = Release|x86
	EndGlobalSection
	GlobalSection(ProjectConfigurationPlatforms) = postSolution
		{C9AF4BAB-DF49-4D0C-968E-41EC045733DB}.Debug|x64.ActiveCfg = Debug|x64
		{C9AF4BAB-DF49-4D0C-968E-41EC045733DB}.Debug|x64.Build.0 = Debug|x64
		{C9AF4BAB-DF49-4D0C-968E-41EC045733DB}.Debug|x86.ActiveCfg = Debug|Win32
		{C9AF4BAB-DF49-4D0C-968E-41EC045733DB}.Debug|x86.Build.0 = Debug|Win32
		{C9AF4BAB-DF49-4D0C-968E-41EC045733DB}.Release|x64.ActiveCfg = Release|x64
		{C9AF4BAB-DF49-4D0C-968E-41EC045733DB}.Release|x64.Build.0 = Release|x64
		{C9AF4BAB-DF49-4D0C-968E-41EC045733DB}.Release|x86.ActiveCfg = Release|Win32
		{C9AF4BAB-DF49-4D0C-968E-41EC045733DB}.Release|x86.Build.0 = Release|Win32
		{819E1CC8-B6E9-472E-A653-90056803488C}.Debug|x64.ActiveCfg = Debug|x64
		{819E1CC8-B6E9-472E-A653-90056803488C}.Debug|x64.Build.0 = Debug|x64
		{819E1CC8-B6E9-472E-A653-90056803488C}.Debug|x86.ActiveCfg = Debug|Win32
		{819E1CC8-B6E9-472E-A653-90056803488C}.Debug|x86.Build.0 = Debug|Win32
		{819E1CC8-B6E9-472E-A653-90056803488C}.Release|x64.ActiveCfg = Release|x64
		{819E1CC8-B6E9-472E-A653-90056803488C}.Release|x64.Build.0 = Release|x64
		{819E1CC8-B6E9-472E-A653-90056803488C}.Release|x86.ActiveCfg = Release|Win32
		{819E1CC8-B6E9-472E-A653-90056803488C}.Release|x86.Build.0 = Release|Win32
	EndGlobalSection
	GlobalSection(SolutionProperties) = preSolution
		HideSolutionNode = FALSE
	EndGlobalSection
	GlobalSection(ExtensibilityGlobals) = postSolution
		SolutionGuid = {1E87BCA7-970A-4DE4-A33A-AF8AD8F49A4E}
	EndGlobalSection
EndGlobal
